{
  "version": 4,
  "terraform_version": "1.3.4",
  "serial": 14,
  "lineage": "3407de47-d606-35a3-52f8-15d40aba16b1",
  "outputs": {
    "kubernetes_cluster_host": {
      "value": "34.77.22.245",
      "type": "string"
    },
    "kubernetes_cluster_name": {
      "value": "lloyds-advk8s-t1-gke",
      "type": "string"
    },
    "project_id": {
      "value": "lloyds-advk8s-t1",
      "type": "string"
    },
    "region": {
      "value": "europe-west1",
      "type": "string"
    }
  },
  "resources": [
    {
      "mode": "managed",
      "type": "google_compute_network",
      "name": "vpc",
      "provider": "provider[\"registry.terraform.io/hashicorp/google\"]",
      "instances": [
        {
          "schema_version": 0,
          "attributes": {
            "auto_create_subnetworks": false,
            "delete_default_routes_on_create": false,
            "description": "",
            "enable_ula_internal_ipv6": false,
            "gateway_ipv4": "",
            "id": "projects/lloyds-advk8s-t1/global/networks/lloyds-advk8s-t1-vpc",
            "internal_ipv6_range": "",
            "mtu": 0,
            "name": "lloyds-advk8s-t1-vpc",
            "project": "lloyds-advk8s-t1",
            "routing_mode": "REGIONAL",
            "self_link": "https://www.googleapis.com/compute/v1/projects/lloyds-advk8s-t1/global/networks/lloyds-advk8s-t1-vpc",
            "timeouts": null
          },
          "sensitive_attributes": [],
          "private": "eyJlMmJmYjczMC1lY2FhLTExZTYtOGY4OC0zNDM2M2JjN2M0YzAiOnsiY3JlYXRlIjoxMjAwMDAwMDAwMDAwLCJkZWxldGUiOjEyMDAwMDAwMDAwMDAsInVwZGF0ZSI6MTIwMDAwMDAwMDAwMH19"
        }
      ]
    },
    {
      "mode": "managed",
      "type": "google_compute_subnetwork",
      "name": "subnet",
      "provider": "provider[\"registry.terraform.io/hashicorp/google\"]",
      "instances": [
        {
          "schema_version": 0,
          "attributes": {
            "creation_timestamp": "2022-11-17T03:24:56.766-08:00",
            "description": "",
            "external_ipv6_prefix": "",
            "fingerprint": null,
            "gateway_address": "10.10.0.1",
            "id": "projects/lloyds-advk8s-t1/regions/europe-west1/subnetworks/lloyds-advk8s-t1-subnet",
            "ip_cidr_range": "10.10.0.0/24",
            "ipv6_access_type": "",
            "ipv6_cidr_range": "",
            "log_config": [],
            "name": "lloyds-advk8s-t1-subnet",
            "network": "https://www.googleapis.com/compute/v1/projects/lloyds-advk8s-t1/global/networks/lloyds-advk8s-t1-vpc",
            "private_ip_google_access": false,
            "private_ipv6_google_access": "DISABLE_GOOGLE_ACCESS",
            "project": "lloyds-advk8s-t1",
            "purpose": "PRIVATE",
            "region": "europe-west1",
            "role": "",
            "secondary_ip_range": [],
            "self_link": "https://www.googleapis.com/compute/v1/projects/lloyds-advk8s-t1/regions/europe-west1/subnetworks/lloyds-advk8s-t1-subnet",
            "stack_type": "IPV4_ONLY",
            "timeouts": null
          },
          "sensitive_attributes": [],
          "private": "eyJlMmJmYjczMC1lY2FhLTExZTYtOGY4OC0zNDM2M2JjN2M0YzAiOnsiY3JlYXRlIjoxMjAwMDAwMDAwMDAwLCJkZWxldGUiOjEyMDAwMDAwMDAwMDAsInVwZGF0ZSI6MTIwMDAwMDAwMDAwMH19",
          "dependencies": [
            "google_compute_network.vpc"
          ]
        }
      ]
    },
    {
      "mode": "managed",
      "type": "google_container_cluster",
      "name": "primary",
      "provider": "provider[\"registry.terraform.io/hashicorp/google\"]",
      "instances": [
        {
          "schema_version": 1,
          "attributes": {
            "addons_config": [
              {
                "cloudrun_config": [],
                "gcp_filestore_csi_driver_config": [],
                "horizontal_pod_autoscaling": [],
                "http_load_balancing": [],
                "network_policy_config": [
                  {
                    "disabled": true
                  }
                ]
              }
            ],
            "authenticator_groups_config": [],
            "cluster_autoscaling": [
              {
                "auto_provisioning_defaults": [],
                "enabled": false,
                "resource_limits": []
              }
            ],
            "cluster_ipv4_cidr": "10.24.0.0/14",
            "confidential_nodes": [],
            "database_encryption": [
              {
                "key_name": "",
                "state": "DECRYPTED"
              }
            ],
            "datapath_provider": "",
            "default_max_pods_per_node": null,
            "default_snat_status": [
              {
                "disabled": false
              }
            ],
            "description": "",
            "dns_config": [],
            "enable_autopilot": false,
            "enable_binary_authorization": false,
            "enable_intranode_visibility": false,
            "enable_kubernetes_alpha": false,
            "enable_legacy_abac": false,
            "enable_shielded_nodes": true,
            "enable_tpu": false,
            "endpoint": "34.77.22.245",
            "id": "projects/lloyds-advk8s-t1/locations/europe-west1/clusters/lloyds-advk8s-t1-gke",
            "initial_node_count": 1,
            "ip_allocation_policy": [],
            "label_fingerprint": "a9dc16a7",
            "location": "europe-west1",
            "logging_config": [
              {
                "enable_components": [
                  "SYSTEM_COMPONENTS",
                  "WORKLOADS"
                ]
              }
            ],
            "logging_service": "logging.googleapis.com/kubernetes",
            "maintenance_policy": [],
            "master_auth": [
              {
                "client_certificate": "",
                "client_certificate_config": [
                  {
                    "issue_client_certificate": false
                  }
                ],
                "client_key": "",
                "cluster_ca_certificate": "LS0tLS1CRUdJTiBDRVJUSUZJQ0FURS0tLS0tCk1JSUVMRENDQXBTZ0F3SUJBZ0lRVHphaEFRZlo0YUFXaGVwTzIxNG1IREFOQmdrcWhraUc5dzBCQVFzRkFEQXYKTVMwd0t3WURWUVFERXlRMk56SmhPVFZtTVMwMk9UVTVMVFF6TVRBdE9URmtNUzB3TlRoak9EY3daREJrTURZdwpJQmNOTWpJeE1URTNNVEF5TlRFM1doZ1BNakExTWpFeE1Ea3hNVEkxTVRkYU1DOHhMVEFyQmdOVkJBTVRKRFkzCk1tRTVOV1l4TFRZNU5Ua3RORE14TUMwNU1XUXhMVEExT0dNNE56QmtNR1F3TmpDQ0FhSXdEUVlKS29aSWh2Y04KQVFFQkJRQURnZ0dQQURDQ0FZb0NnZ0dCQVBHRHdjeWtDbHI1dStrSHIzK1JVZEh1a2wyLzdLTk5qTHRuZGx4ZgpWdXdmdUIxbmFWTUF5YjZGNEdkU1V4VmhQeXZOaTVkYlFEdGVNcE40MTlGZm55UE5SRXRwbFhHcUpETnBQeVEwCkg0aXRZZERLUDl5VStBdG5aNlE2alZuSWhTUjZ3U3hSb0xWNFlYTFNQOTBXblYrOXIzbUE1L0VNd0dtcEdDcFgKakdRZ0g0ZTRxWngyU1JZL3p3RitHa0xMeVVQckVEenVCb0xUUVcrM0w5ZEFBcmVTQ092YlBrelFnMnREL1dnRQp5RG94aXNtVDZRTC93amlFVVFTUEpDQXpFRW8vRmdiV0dJVjN4OXhyZG9uemlkU0Z6SmVCUU9oL1NUOEpEOXNCCktCbkZ5RS96bVRHMkdQTnY1alVMNmY4NjlmYUROTkIrRjAvZGlERHUwalNBdzh5VzFtRnIzSFJJY1k0NTJsdXEKZHR4eW1OUjRUUnEwR0lWTVpxckREdHF0eVE1QXM3YUI3QWJLVU9QLzFUQ2VncklMbjlxWEk1bkFqYjZwRW9zWQp5WkU3OHZiOVJBdndtM3BjYTkyeFV0N3V4QnFRU3d3S3R4TWwyZ3c3OUhsbEViQ1dmS2FDbDUrODZJTHR6b3YwCmpSeTIxYkN1bTBJamQ2RWZsTURVZU5aUTBRSURBUUFCbzBJd1FEQU9CZ05WSFE4QkFmOEVCQU1DQWdRd0R3WUQKVlIwVEFRSC9CQVV3QXdFQi96QWRCZ05WSFE0RUZnUVUwRUYyQ2pSNkgyaHFuVTk0Q2kxamlyTEUyMmd3RFFZSgpLb1pJaHZjTkFRRUxCUUFEZ2dHQkFKWmtvZlF0bmc5cVVQeCsvdDF3Umt1THQxcFZlMFl3ZUdSblBuQjhNUm9MCkpkNEh3T3N1RnM4WmVTaG1HeWlRRFp4TktQZ1VSb29pTHZ4QWVGRlZaWWdtUU1qRnNnWW9HK1kzL3cyaW1NN1QKQng0aUw3Qkx6TnNoQUxMcnBqUGoyNVVkV3Bycjk2VlpCMjY1QllIMjhSZWRMV2tZbElPYnlmY1Y5WkV4d1VGZApQMk5nbmg2OXZueDNydUJuK25LMTRhSUpHazZyaUJ1UWlVTGQ4T1MwSWNJNDB4L3puWXlJaEVqSjN2UlpBU3VSCjZpNW9MQnIyd2tPZGsyaFJFcW9uYXhvazZ4ZFVvMHUvMXg1bjdibk40aWhmTHpmRHNhbmZGSGorY0c4bG4yeTkKQ1pjeFphc1J2Sy9EdHNQVHRUa0dlUWtTOVU2MzFtR241VWxoQmcyYzduZUc3YkpyZGdJRzRtYm1zcTdSTXhRSApNc3g0Y1pCbm1pT2pxS2JIUVFzQlFBNUl4ZE05VWxqR01pUjJuYS91NHZYWkN1dUVIdlUvYXJxdC9PTzdVQmZPCndCUnBxS1JmTldqbmluRU43RVN2aFVwS3NZcFhhMG1aSUQxcTA1ZmxzaGJ3UUQzL3VyemNib1M4QmM3ZnpjcFgKNWNHUm42a0ZPYnRVdkhRajJSZnhWZz09Ci0tLS0tRU5EIENFUlRJRklDQVRFLS0tLS0K"
              }
            ],
            "master_authorized_networks_config": [],
            "master_version": "1.23.8-gke.1900",
            "min_master_version": null,
            "monitoring_config": [
              {
                "enable_components": [
                  "SYSTEM_COMPONENTS"
                ]
              }
            ],
            "monitoring_service": "monitoring.googleapis.com/kubernetes",
            "name": "lloyds-advk8s-t1-gke",
            "network": "projects/lloyds-advk8s-t1/global/networks/lloyds-advk8s-t1-vpc",
            "network_policy": [
              {
                "enabled": false,
                "provider": "PROVIDER_UNSPECIFIED"
              }
            ],
            "networking_mode": "ROUTES",
            "node_config": [],
            "node_locations": [
              "europe-west1-b",
              "europe-west1-c",
              "europe-west1-d"
            ],
            "node_pool": [],
            "node_version": "1.23.8-gke.1900",
            "operation": null,
            "private_cluster_config": [
              {
                "enable_private_endpoint": false,
                "enable_private_nodes": false,
                "master_global_access_config": [
                  {
                    "enabled": false
                  }
                ],
                "master_ipv4_cidr_block": "",
                "peering_name": "",
                "private_endpoint": "10.10.0.2",
                "public_endpoint": "34.77.22.245"
              }
            ],
            "private_ipv6_google_access": "",
            "project": "lloyds-advk8s-t1",
            "release_channel": [
              {
                "channel": "REGULAR"
              }
            ],
            "remove_default_node_pool": true,
            "resource_labels": null,
            "resource_usage_export_config": [],
            "self_link": "https://container.googleapis.com/v1/projects/lloyds-advk8s-t1/locations/europe-west1/clusters/lloyds-advk8s-t1-gke",
            "services_ipv4_cidr": "10.27.240.0/20",
            "subnetwork": "projects/lloyds-advk8s-t1/regions/europe-west1/subnetworks/lloyds-advk8s-t1-subnet",
            "timeouts": null,
            "tpu_ipv4_cidr_block": "",
            "vertical_pod_autoscaling": [],
            "workload_identity_config": []
          },
          "sensitive_attributes": [],
          "private": "eyJlMmJmYjczMC1lY2FhLTExZTYtOGY4OC0zNDM2M2JjN2M0YzAiOnsiY3JlYXRlIjoyNDAwMDAwMDAwMDAwLCJkZWxldGUiOjI0MDAwMDAwMDAwMDAsInJlYWQiOjI0MDAwMDAwMDAwMDAsInVwZGF0ZSI6MzYwMDAwMDAwMDAwMH0sInNjaGVtYV92ZXJzaW9uIjoiMSJ9",
          "dependencies": [
            "google_compute_network.vpc",
            "google_compute_subnetwork.subnet"
          ]
        }
      ]
    },
    {
      "mode": "managed",
      "type": "google_container_node_pool",
      "name": "primary_nodes",
      "provider": "provider[\"registry.terraform.io/hashicorp/google\"]",
      "instances": [
        {
          "schema_version": 1,
          "attributes": {
            "autoscaling": [],
            "cluster": "lloyds-advk8s-t1-gke",
            "id": "projects/lloyds-advk8s-t1/locations/europe-west1/clusters/lloyds-advk8s-t1-gke/nodePools/lloyds-advk8s-t1-gke",
            "initial_node_count": 1,
            "instance_group_urls": [
              "https://www.googleapis.com/compute/v1/projects/lloyds-advk8s-t1/zones/europe-west1-d/instanceGroupManagers/gke-lloyds-advk8s-t1-lloyds-advk8s-t1-fa57298d-grp",
              "https://www.googleapis.com/compute/v1/projects/lloyds-advk8s-t1/zones/europe-west1-b/instanceGroupManagers/gke-lloyds-advk8s-t1-lloyds-advk8s-t1-63c6b377-grp",
              "https://www.googleapis.com/compute/v1/projects/lloyds-advk8s-t1/zones/europe-west1-c/instanceGroupManagers/gke-lloyds-advk8s-t1-lloyds-advk8s-t1-1567aa57-grp"
            ],
            "location": "europe-west1",
            "managed_instance_group_urls": [
              "https://www.googleapis.com/compute/v1/projects/lloyds-advk8s-t1/zones/europe-west1-d/instanceGroups/gke-lloyds-advk8s-t1-lloyds-advk8s-t1-fa57298d-grp",
              "https://www.googleapis.com/compute/v1/projects/lloyds-advk8s-t1/zones/europe-west1-b/instanceGroups/gke-lloyds-advk8s-t1-lloyds-advk8s-t1-63c6b377-grp",
              "https://www.googleapis.com/compute/v1/projects/lloyds-advk8s-t1/zones/europe-west1-c/instanceGroups/gke-lloyds-advk8s-t1-lloyds-advk8s-t1-1567aa57-grp"
            ],
            "management": [
              {
                "auto_repair": true,
                "auto_upgrade": true
              }
            ],
            "max_pods_per_node": null,
            "name": "lloyds-advk8s-t1-gke",
            "name_prefix": "",
            "node_config": [
              {
                "boot_disk_kms_key": "",
                "disk_size_gb": 100,
                "disk_type": "pd-standard",
                "gcfs_config": [],
                "guest_accelerator": [],
                "gvnic": [],
                "image_type": "COS_CONTAINERD",
                "labels": {
                  "env": "lloyds-advk8s-t1"
                },
                "local_ssd_count": 0,
                "machine_type": "e2-small",
                "metadata": {
                  "disable-legacy-endpoints": "true"
                },
                "min_cpu_platform": "",
                "node_group": "",
                "oauth_scopes": [
                  "https://www.googleapis.com/auth/logging.write",
                  "https://www.googleapis.com/auth/monitoring"
                ],
                "preemptible": false,
                "service_account": "default",
                "shielded_instance_config": [
                  {
                    "enable_integrity_monitoring": true,
                    "enable_secure_boot": false
                  }
                ],
                "spot": false,
                "tags": [
                  "gke-node",
                  "lloyds-advk8s-t1-gke"
                ],
                "taint": [],
                "workload_metadata_config": []
              }
            ],
            "node_count": 1,
            "node_locations": [
              "europe-west1-b",
              "europe-west1-c",
              "europe-west1-d"
            ],
            "operation": null,
            "project": "lloyds-advk8s-t1",
            "timeouts": null,
            "upgrade_settings": [
              {
                "max_surge": 1,
                "max_unavailable": 0
              }
            ],
            "version": "1.23.8-gke.1900"
          },
          "sensitive_attributes": [],
          "private": "eyJlMmJmYjczMC1lY2FhLTExZTYtOGY4OC0zNDM2M2JjN2M0YzAiOnsiY3JlYXRlIjoxODAwMDAwMDAwMDAwLCJkZWxldGUiOjE4MDAwMDAwMDAwMDAsInVwZGF0ZSI6MTgwMDAwMDAwMDAwMH0sInNjaGVtYV92ZXJzaW9uIjoiMSJ9",
          "dependencies": [
            "google_compute_network.vpc",
            "google_compute_subnetwork.subnet",
            "google_container_cluster.primary"
          ]
        }
      ]
    }
  ],
  "check_results": null
}
